
Microsoft Visual Studio Solution File, Format Version 12.00
# Visual Studio Version 17
VisualStudioVersion = 17.5.002.0
MinimumVisualStudioVersion = 10.0.40219.1
Project("{9A19103F-16F7-4668-BE54-9A1E7A4F7556}") = "TBAStatReader", "TBAStatReader\TBAStatReader.csproj", "{40B71066-DF5C-43AA-A54B-F34FABB0FDBD}"
EndProject
Project("{2150E333-8FDC-42A3-9474-1A3956D46DE8}") = "Solution Items", "Solution Items", "{58E5DCD0-ECDD-4A0A-93EB-68DCD02AAA71}"
	ProjectSection(SolutionItems) = preProject
		.editorconfig = .editorconfig
		build\build.ps1 = build\build.ps1
		deploy\compose.yml = deploy\compose.yml
		demo.ps1 = demo.ps1
		Directory.Build.props = Directory.Build.props
		Directory.Packages.props = Directory.Packages.props
		deploy\k8s.deploy.yml = deploy\k8s.deploy.yml
		launch.ps1 = launch.ps1
	EndProjectSection
EndProject
Project("{2150E333-8FDC-42A3-9474-1A3956D46DE8}") = "Agents", "Agents", "{A1B90F1A-BB18-4826-A460-257820CCDC70}"
EndProject
Project("{9A19103F-16F7-4668-BE54-9A1E7A4F7556}") = "Assistants", "Assistants\Assistants.csproj", "{851CF888-1F1A-4D54-BD43-B7DF29993667}"
EndProject
Project("{9A19103F-16F7-4668-BE54-9A1E7A4F7556}") = "ApiClient", "ApiClient\ApiClient.csproj", "{7233C7E8-697A-4A44-9E31-3F698D073264}"
EndProject
Project("{9A19103F-16F7-4668-BE54-9A1E7A4F7556}") = "Common", "Common\Common.csproj", "{1686A7C4-78A5-45E3-BC09-C4AF87FA735F}"
EndProject
Project("{9A19103F-16F7-4668-BE54-9A1E7A4F7556}") = "Models", "Models\Models.csproj", "{DAFF7D92-4863-40C5-BD72-1422BE410B59}"
EndProject
Project("{9A19103F-16F7-4668-BE54-9A1E7A4F7556}") = "Orchestrator_SignalR", "Agents\SignalR\Orchestrator_SignalR\Orchestrator_SignalR.csproj", "{309DD3A7-B6F6-4A1E-A274-4622619D8AED}"
EndProject
Project("{9A19103F-16F7-4668-BE54-9A1E7A4F7556}") = "Teams_SignalR", "Agents\SignalR\Teams_SignalR\Teams_SignalR.csproj", "{CE3F7B05-F913-4244-B9E3-FCAA68EFF93A}"
EndProject
Project("{9A19103F-16F7-4668-BE54-9A1E7A4F7556}") = "Matches_SignalR", "Agents\SignalR\Matches_SignalR\Matches_SignalR.csproj", "{09A4EE97-05E4-40D9-97FA-DCA57D8DC758}"
EndProject
Project("{9A19103F-16F7-4668-BE54-9A1E7A4F7556}") = "Events_SignalR", "Agents\SignalR\Events_SignalR\Events_SignalR.csproj", "{B19C11CE-59CB-49F2-88C7-AD679388E164}"
EndProject
Project("{9A19103F-16F7-4668-BE54-9A1E7A4F7556}") = "Districts_SignalR", "Agents\SignalR\Districts_SignalR\Districts_SignalR.csproj", "{1A476F87-0AB2-4AED-830E-C10F7E25AB45}"
EndProject
Project("{9A19103F-16F7-4668-BE54-9A1E7A4F7556}") = "SignalRHub", "SignalRHub\SignalRHub.csproj", "{4E1D42F3-CB94-4637-B733-FDE5FEC820ED}"
EndProject
Project("{9A19103F-16F7-4668-BE54-9A1E7A4F7556}") = "Agent.Core", "Agents\Agent.Core\Agent.Core.csproj", "{F20C254B-44CA-41D9-B42F-6668D653B1D4}"
EndProject
Project("{FAE04EC0-301F-11D3-BF4B-00C04F79EFBC}") = "Orchestrator_gRPC", "Agents\gRPC\Orchestrator_gRPC\Orchestrator_gRPC.csproj", "{6CA441C1-76CC-495D-A1E6-2C0B68BB66C2}"
EndProject
Project("{FAE04EC0-301F-11D3-BF4B-00C04F79EFBC}") = "gRPCAgent.Core", "Agents\gRPC\gRPCAgent.Core\gRPCAgent.Core.csproj", "{B1B378B3-5DE2-4A62-BD99-482CFCC0D80A}"
EndProject
Project("{2150E333-8FDC-42A3-9474-1A3956D46DE8}") = "gRPC", "gRPC", "{02EA681E-C7D8-13C7-8484-4AC65E1B71E8}"
EndProject
Project("{2150E333-8FDC-42A3-9474-1A3956D46DE8}") = "SignalR", "SignalR", "{26C174D4-A8EA-4FB7-BAFF-EDBF494C677A}"
EndProject
Project("{FAE04EC0-301F-11D3-BF4B-00C04F79EFBC}") = "Teams_gRPC", "Agents\gRPC\Teams_gRPC\Teams_gRPC.csproj", "{8F490EF0-C1FF-4A70-BFC3-4CE28265C1DF}"
EndProject
Project("{FAE04EC0-301F-11D3-BF4B-00C04F79EFBC}") = "TBAStatReader_gRPC", "TBAStatReader_gRPC\TBAStatReader_gRPC.csproj", "{84E7077F-F2F1-4857-9382-DF38CE25303D}"
EndProject
Project("{2150E333-8FDC-42A3-9474-1A3956D46DE8}") = "WebSockets", "WebSockets", "{D4490599-2141-4462-AA55-F79B0DA4488F}"
EndProject
Project("{FAE04EC0-301F-11D3-BF4B-00C04F79EFBC}") = "Orchestrator_WS", "Agents\WebSockets\Orchestrator_WS\Orchestrator_WS.csproj", "{34F62AF4-7CC1-4C0D-820E-377F1AFB2B4E}"
EndProject
Project("{FAE04EC0-301F-11D3-BF4B-00C04F79EFBC}") = "wsAgent.Core", "Agents\WebSockets\wsAgent.Core\wsAgent.Core.csproj", "{F3E5006A-F8CC-4B30-9840-39772DDB42C0}"
EndProject
Project("{FAE04EC0-301F-11D3-BF4B-00C04F79EFBC}") = "Teams_WS", "Agents\WebSockets\Teams_WS\Teams_WS.csproj", "{4A128828-32BF-439D-A10A-01F71BC9A6E0}"
EndProject
Project("{2150E333-8FDC-42A3-9474-1A3956D46DE8}") = "WS", "WS", "{02EA681E-C7D8-13C7-8484-4AC65E1B71E8}"
EndProject
Project("{FAE04EC0-301F-11D3-BF4B-00C04F79EFBC}") = "TBAStatReader_WS", "TBAStatReader_WS\TBAStatReader_WS.csproj", "{9C5003BE-732F-43DA-AE3C-D6155D2436C6}"
EndProject
Global
	GlobalSection(SolutionConfigurationPlatforms) = preSolution
		Debug|Any CPU = Debug|Any CPU
		Release|Any CPU = Release|Any CPU
	EndGlobalSection
	GlobalSection(ProjectConfigurationPlatforms) = postSolution
		{40B71066-DF5C-43AA-A54B-F34FABB0FDBD}.Debug|Any CPU.ActiveCfg = Debug|Any CPU
		{40B71066-DF5C-43AA-A54B-F34FABB0FDBD}.Debug|Any CPU.Build.0 = Debug|Any CPU
		{40B71066-DF5C-43AA-A54B-F34FABB0FDBD}.Release|Any CPU.ActiveCfg = Release|Any CPU
		{40B71066-DF5C-43AA-A54B-F34FABB0FDBD}.Release|Any CPU.Build.0 = Release|Any CPU
		{851CF888-1F1A-4D54-BD43-B7DF29993667}.Debug|Any CPU.ActiveCfg = Debug|Any CPU
		{851CF888-1F1A-4D54-BD43-B7DF29993667}.Debug|Any CPU.Build.0 = Debug|Any CPU
		{851CF888-1F1A-4D54-BD43-B7DF29993667}.Release|Any CPU.ActiveCfg = Release|Any CPU
		{851CF888-1F1A-4D54-BD43-B7DF29993667}.Release|Any CPU.Build.0 = Release|Any CPU
		{7233C7E8-697A-4A44-9E31-3F698D073264}.Debug|Any CPU.ActiveCfg = Debug|Any CPU
		{7233C7E8-697A-4A44-9E31-3F698D073264}.Debug|Any CPU.Build.0 = Debug|Any CPU
		{7233C7E8-697A-4A44-9E31-3F698D073264}.Release|Any CPU.ActiveCfg = Release|Any CPU
		{7233C7E8-697A-4A44-9E31-3F698D073264}.Release|Any CPU.Build.0 = Release|Any CPU
		{1686A7C4-78A5-45E3-BC09-C4AF87FA735F}.Debug|Any CPU.ActiveCfg = Debug|Any CPU
		{1686A7C4-78A5-45E3-BC09-C4AF87FA735F}.Debug|Any CPU.Build.0 = Debug|Any CPU
		{1686A7C4-78A5-45E3-BC09-C4AF87FA735F}.Release|Any CPU.ActiveCfg = Release|Any CPU
		{1686A7C4-78A5-45E3-BC09-C4AF87FA735F}.Release|Any CPU.Build.0 = Release|Any CPU
		{DAFF7D92-4863-40C5-BD72-1422BE410B59}.Debug|Any CPU.ActiveCfg = Debug|Any CPU
		{DAFF7D92-4863-40C5-BD72-1422BE410B59}.Debug|Any CPU.Build.0 = Debug|Any CPU
		{DAFF7D92-4863-40C5-BD72-1422BE410B59}.Release|Any CPU.ActiveCfg = Release|Any CPU
		{DAFF7D92-4863-40C5-BD72-1422BE410B59}.Release|Any CPU.Build.0 = Release|Any CPU
		{309DD3A7-B6F6-4A1E-A274-4622619D8AED}.Debug|Any CPU.ActiveCfg = Debug|Any CPU
		{309DD3A7-B6F6-4A1E-A274-4622619D8AED}.Debug|Any CPU.Build.0 = Debug|Any CPU
		{309DD3A7-B6F6-4A1E-A274-4622619D8AED}.Release|Any CPU.ActiveCfg = Release|Any CPU
		{309DD3A7-B6F6-4A1E-A274-4622619D8AED}.Release|Any CPU.Build.0 = Release|Any CPU
		{CE3F7B05-F913-4244-B9E3-FCAA68EFF93A}.Debug|Any CPU.ActiveCfg = Debug|Any CPU
		{CE3F7B05-F913-4244-B9E3-FCAA68EFF93A}.Debug|Any CPU.Build.0 = Debug|Any CPU
		{CE3F7B05-F913-4244-B9E3-FCAA68EFF93A}.Release|Any CPU.ActiveCfg = Release|Any CPU
		{CE3F7B05-F913-4244-B9E3-FCAA68EFF93A}.Release|Any CPU.Build.0 = Release|Any CPU
		{09A4EE97-05E4-40D9-97FA-DCA57D8DC758}.Debug|Any CPU.ActiveCfg = Debug|Any CPU
		{09A4EE97-05E4-40D9-97FA-DCA57D8DC758}.Debug|Any CPU.Build.0 = Debug|Any CPU
		{09A4EE97-05E4-40D9-97FA-DCA57D8DC758}.Release|Any CPU.ActiveCfg = Release|Any CPU
		{09A4EE97-05E4-40D9-97FA-DCA57D8DC758}.Release|Any CPU.Build.0 = Release|Any CPU
		{B19C11CE-59CB-49F2-88C7-AD679388E164}.Debug|Any CPU.ActiveCfg = Debug|Any CPU
		{B19C11CE-59CB-49F2-88C7-AD679388E164}.Debug|Any CPU.Build.0 = Debug|Any CPU
		{B19C11CE-59CB-49F2-88C7-AD679388E164}.Release|Any CPU.ActiveCfg = Release|Any CPU
		{B19C11CE-59CB-49F2-88C7-AD679388E164}.Release|Any CPU.Build.0 = Release|Any CPU
		{1A476F87-0AB2-4AED-830E-C10F7E25AB45}.Debug|Any CPU.ActiveCfg = Debug|Any CPU
		{1A476F87-0AB2-4AED-830E-C10F7E25AB45}.Debug|Any CPU.Build.0 = Debug|Any CPU
		{1A476F87-0AB2-4AED-830E-C10F7E25AB45}.Release|Any CPU.ActiveCfg = Release|Any CPU
		{1A476F87-0AB2-4AED-830E-C10F7E25AB45}.Release|Any CPU.Build.0 = Release|Any CPU
		{4E1D42F3-CB94-4637-B733-FDE5FEC820ED}.Debug|Any CPU.ActiveCfg = Debug|Any CPU
		{4E1D42F3-CB94-4637-B733-FDE5FEC820ED}.Debug|Any CPU.Build.0 = Debug|Any CPU
		{4E1D42F3-CB94-4637-B733-FDE5FEC820ED}.Release|Any CPU.ActiveCfg = Release|Any CPU
		{4E1D42F3-CB94-4637-B733-FDE5FEC820ED}.Release|Any CPU.Build.0 = Release|Any CPU
		{F20C254B-44CA-41D9-B42F-6668D653B1D4}.Debug|Any CPU.ActiveCfg = Debug|Any CPU
		{F20C254B-44CA-41D9-B42F-6668D653B1D4}.Debug|Any CPU.Build.0 = Debug|Any CPU
		{F20C254B-44CA-41D9-B42F-6668D653B1D4}.Release|Any CPU.ActiveCfg = Release|Any CPU
		{F20C254B-44CA-41D9-B42F-6668D653B1D4}.Release|Any CPU.Build.0 = Release|Any CPU
		{6CA441C1-76CC-495D-A1E6-2C0B68BB66C2}.Debug|Any CPU.ActiveCfg = Debug|Any CPU
		{6CA441C1-76CC-495D-A1E6-2C0B68BB66C2}.Debug|Any CPU.Build.0 = Debug|Any CPU
		{6CA441C1-76CC-495D-A1E6-2C0B68BB66C2}.Release|Any CPU.ActiveCfg = Release|Any CPU
		{6CA441C1-76CC-495D-A1E6-2C0B68BB66C2}.Release|Any CPU.Build.0 = Release|Any CPU
		{B1B378B3-5DE2-4A62-BD99-482CFCC0D80A}.Debug|Any CPU.ActiveCfg = Debug|Any CPU
		{B1B378B3-5DE2-4A62-BD99-482CFCC0D80A}.Debug|Any CPU.Build.0 = Debug|Any CPU
		{B1B378B3-5DE2-4A62-BD99-482CFCC0D80A}.Release|Any CPU.ActiveCfg = Release|Any CPU
		{B1B378B3-5DE2-4A62-BD99-482CFCC0D80A}.Release|Any CPU.Build.0 = Release|Any CPU
		{8F490EF0-C1FF-4A70-BFC3-4CE28265C1DF}.Debug|Any CPU.ActiveCfg = Debug|Any CPU
		{8F490EF0-C1FF-4A70-BFC3-4CE28265C1DF}.Debug|Any CPU.Build.0 = Debug|Any CPU
		{8F490EF0-C1FF-4A70-BFC3-4CE28265C1DF}.Release|Any CPU.ActiveCfg = Release|Any CPU
		{8F490EF0-C1FF-4A70-BFC3-4CE28265C1DF}.Release|Any CPU.Build.0 = Release|Any CPU
		{84E7077F-F2F1-4857-9382-DF38CE25303D}.Debug|Any CPU.ActiveCfg = Debug|Any CPU
		{84E7077F-F2F1-4857-9382-DF38CE25303D}.Debug|Any CPU.Build.0 = Debug|Any CPU
		{84E7077F-F2F1-4857-9382-DF38CE25303D}.Release|Any CPU.ActiveCfg = Release|Any CPU
		{84E7077F-F2F1-4857-9382-DF38CE25303D}.Release|Any CPU.Build.0 = Release|Any CPU
		{34F62AF4-7CC1-4C0D-820E-377F1AFB2B4E}.Debug|Any CPU.ActiveCfg = Debug|Any CPU
		{34F62AF4-7CC1-4C0D-820E-377F1AFB2B4E}.Debug|Any CPU.Build.0 = Debug|Any CPU
		{34F62AF4-7CC1-4C0D-820E-377F1AFB2B4E}.Release|Any CPU.ActiveCfg = Release|Any CPU
		{34F62AF4-7CC1-4C0D-820E-377F1AFB2B4E}.Release|Any CPU.Build.0 = Release|Any CPU
		{F3E5006A-F8CC-4B30-9840-39772DDB42C0}.Debug|Any CPU.ActiveCfg = Debug|Any CPU
		{F3E5006A-F8CC-4B30-9840-39772DDB42C0}.Debug|Any CPU.Build.0 = Debug|Any CPU
		{F3E5006A-F8CC-4B30-9840-39772DDB42C0}.Release|Any CPU.ActiveCfg = Release|Any CPU
		{F3E5006A-F8CC-4B30-9840-39772DDB42C0}.Release|Any CPU.Build.0 = Release|Any CPU
		{4A128828-32BF-439D-A10A-01F71BC9A6E0}.Debug|Any CPU.ActiveCfg = Debug|Any CPU
		{4A128828-32BF-439D-A10A-01F71BC9A6E0}.Debug|Any CPU.Build.0 = Debug|Any CPU
		{4A128828-32BF-439D-A10A-01F71BC9A6E0}.Release|Any CPU.ActiveCfg = Release|Any CPU
		{4A128828-32BF-439D-A10A-01F71BC9A6E0}.Release|Any CPU.Build.0 = Release|Any CPU
		{9C5003BE-732F-43DA-AE3C-D6155D2436C6}.Debug|Any CPU.ActiveCfg = Debug|Any CPU
		{9C5003BE-732F-43DA-AE3C-D6155D2436C6}.Debug|Any CPU.Build.0 = Debug|Any CPU
		{9C5003BE-732F-43DA-AE3C-D6155D2436C6}.Release|Any CPU.ActiveCfg = Release|Any CPU
		{9C5003BE-732F-43DA-AE3C-D6155D2436C6}.Release|Any CPU.Build.0 = Release|Any CPU
	EndGlobalSection
	GlobalSection(SolutionProperties) = preSolution
		HideSolutionNode = FALSE
	EndGlobalSection
	GlobalSection(NestedProjects) = preSolution
		{CE3F7B05-F913-4244-B9E3-FCAA68EFF93A} = {26C174D4-A8EA-4FB7-BAFF-EDBF494C677A}
		{09A4EE97-05E4-40D9-97FA-DCA57D8DC758} = {26C174D4-A8EA-4FB7-BAFF-EDBF494C677A}
		{B19C11CE-59CB-49F2-88C7-AD679388E164} = {26C174D4-A8EA-4FB7-BAFF-EDBF494C677A}
		{1A476F87-0AB2-4AED-830E-C10F7E25AB45} = {26C174D4-A8EA-4FB7-BAFF-EDBF494C677A}
		{F20C254B-44CA-41D9-B42F-6668D653B1D4} = {26C174D4-A8EA-4FB7-BAFF-EDBF494C677A}
		{B1B378B3-5DE2-4A62-BD99-482CFCC0D80A} = {02EA681E-C7D8-13C7-8484-4AC65E1B71E8}
		{02EA681E-C7D8-13C7-8484-4AC65E1B71E8} = {A1B90F1A-BB18-4826-A460-257820CCDC70}
		{8F490EF0-C1FF-4A70-BFC3-4CE28265C1DF} = {02EA681E-C7D8-13C7-8484-4AC65E1B71E8}
		{F3E5006A-F8CC-4B30-9840-39772DDB42C0} = {02EA681E-C7D8-13C7-8484-4AC65E1B71E8}
		{4A128828-32BF-439D-A10A-01F71BC9A6E0} = {02EA681E-C7D8-13C7-8484-4AC65E1B71E8}
	EndGlobalSection
	GlobalSection(ExtensibilityGlobals) = postSolution
		SolutionGuid = {58C5D189-3D5E-4C31-8B2C-ADF8E7B45A31}
	EndGlobalSection
EndGlobal
